
Microsoft Visual Studio Solution File, Format Version 12.00
# Visual Studio Version 17
VisualStudioVersion = 17.4.33205.214
MinimumVisualStudioVersion = 10.0.40219.1
Project("{2150E333-8FDC-42A3-9474-1A3956D46DE8}") = "Systems", "Systems", "{31F506C6-985D-4634-A89C-57FDE5BE0A8C}"
EndProject
Project("{2150E333-8FDC-42A3-9474-1A3956D46DE8}") = "Api", "Api", "{2B02DFC1-7610-4E1A-8794-D49D61DAAB96}"
EndProject
Project("{2150E333-8FDC-42A3-9474-1A3956D46DE8}") = "Data", "Data", "{9808D695-DFDC-464F-BAB5-AB378B3A06D6}"
EndProject
Project("{2150E333-8FDC-42A3-9474-1A3956D46DE8}") = "Shared", "Shared", "{C037D835-828E-4EDA-B447-287B9EF97848}"
EndProject
Project("{2150E333-8FDC-42A3-9474-1A3956D46DE8}") = "Services", "Services", "{9C772B5D-1DAF-4713-B3E5-07AD5029551A}"
EndProject
Project("{9A19103F-16F7-4668-BE54-9A1E7A4F7556}") = "JijaShop.Api", "Systems\Api\JijaShop.Api\JijaShop.Api.csproj", "{CD278334-2B6B-4937-A834-3D81B333D74A}"
EndProject
Project("{9A19103F-16F7-4668-BE54-9A1E7A4F7556}") = "JijaShop.Common", "Shared\JijaShop.Common\JijaShop.Common.csproj", "{5C61506D-4E4A-4836-BD90-AADB8DB12A9C}"
EndProject
Project("{9A19103F-16F7-4668-BE54-9A1E7A4F7556}") = "JijaShop.Settings", "JijaShop.Settings\JijaShop.Settings.csproj", "{973111E0-4274-43F5-BEDD-56C90A6D677D}"
EndProject
Project("{FAE04EC0-301F-11D3-BF4B-00C04F79EFBC}") = "JijaShop.Context", "JijaShop.Context\JijaShop.Context.csproj", "{ABA99ABD-8E53-44E6-A96D-8705F9A556C3}"
EndProject
Project("{FAE04EC0-301F-11D3-BF4B-00C04F79EFBC}") = "JijaShop.Context.Entities", "JijaShop.Context.Entities\JijaShop.Context.Entities.csproj", "{5FA597B5-1942-4356-B180-1EB098DEA8C5}"
EndProject
Project("{2150E333-8FDC-42A3-9474-1A3956D46DE8}") = "Migrations", "Migrations", "{375D6108-7EBD-4DEE-A1FA-90485B1B2EDF}"
EndProject
Project("{FAE04EC0-301F-11D3-BF4B-00C04F79EFBC}") = "JijaShop.Context.MigrationsMSSQL", "JijaShop.Context.MigrationsMSSQL\JijaShop.Context.MigrationsMSSQL.csproj", "{C249A337-5EC5-470F-BA35-98F6B3416238}"
EndProject
Project("{FAE04EC0-301F-11D3-BF4B-00C04F79EFBC}") = "JIjaShop.Context.MigrationsPostgreSQL", "JIjaShop.Context.MigrationsPostgreSQL\JIjaShop.Context.MigrationsPostgreSQL.csproj", "{80215C27-4619-44F0-A9C0-627EF6B64236}"
EndProject
Project("{FAE04EC0-301F-11D3-BF4B-00C04F79EFBC}") = "JijaShop.Services.Settings", "JijaShop.Services.Settings\JijaShop.Services.Settings.csproj", "{374A7828-A61F-4997-A431-77154819C83A}"
EndProject
Global
	GlobalSection(SolutionConfigurationPlatforms) = preSolution
		Debug|Any CPU = Debug|Any CPU
		Release|Any CPU = Release|Any CPU
	EndGlobalSection
	GlobalSection(ProjectConfigurationPlatforms) = postSolution
		{CD278334-2B6B-4937-A834-3D81B333D74A}.Debug|Any CPU.ActiveCfg = Debug|Any CPU
		{CD278334-2B6B-4937-A834-3D81B333D74A}.Debug|Any CPU.Build.0 = Debug|Any CPU
		{CD278334-2B6B-4937-A834-3D81B333D74A}.Release|Any CPU.ActiveCfg = Release|Any CPU
		{CD278334-2B6B-4937-A834-3D81B333D74A}.Release|Any CPU.Build.0 = Release|Any CPU
		{5C61506D-4E4A-4836-BD90-AADB8DB12A9C}.Debug|Any CPU.ActiveCfg = Debug|Any CPU
		{5C61506D-4E4A-4836-BD90-AADB8DB12A9C}.Debug|Any CPU.Build.0 = Debug|Any CPU
		{5C61506D-4E4A-4836-BD90-AADB8DB12A9C}.Release|Any CPU.ActiveCfg = Release|Any CPU
		{5C61506D-4E4A-4836-BD90-AADB8DB12A9C}.Release|Any CPU.Build.0 = Release|Any CPU
		{973111E0-4274-43F5-BEDD-56C90A6D677D}.Debug|Any CPU.ActiveCfg = Debug|Any CPU
		{973111E0-4274-43F5-BEDD-56C90A6D677D}.Debug|Any CPU.Build.0 = Debug|Any CPU
		{973111E0-4274-43F5-BEDD-56C90A6D677D}.Release|Any CPU.ActiveCfg = Release|Any CPU
		{973111E0-4274-43F5-BEDD-56C90A6D677D}.Release|Any CPU.Build.0 = Release|Any CPU
		{ABA99ABD-8E53-44E6-A96D-8705F9A556C3}.Debug|Any CPU.ActiveCfg = Debug|Any CPU
		{ABA99ABD-8E53-44E6-A96D-8705F9A556C3}.Debug|Any CPU.Build.0 = Debug|Any CPU
		{ABA99ABD-8E53-44E6-A96D-8705F9A556C3}.Release|Any CPU.ActiveCfg = Release|Any CPU
		{ABA99ABD-8E53-44E6-A96D-8705F9A556C3}.Release|Any CPU.Build.0 = Release|Any CPU
		{5FA597B5-1942-4356-B180-1EB098DEA8C5}.Debug|Any CPU.ActiveCfg = Debug|Any CPU
		{5FA597B5-1942-4356-B180-1EB098DEA8C5}.Debug|Any CPU.Build.0 = Debug|Any CPU
		{5FA597B5-1942-4356-B180-1EB098DEA8C5}.Release|Any CPU.ActiveCfg = Release|Any CPU
		{5FA597B5-1942-4356-B180-1EB098DEA8C5}.Release|Any CPU.Build.0 = Release|Any CPU
		{C249A337-5EC5-470F-BA35-98F6B3416238}.Debug|Any CPU.ActiveCfg = Debug|Any CPU
		{C249A337-5EC5-470F-BA35-98F6B3416238}.Debug|Any CPU.Build.0 = Debug|Any CPU
		{C249A337-5EC5-470F-BA35-98F6B3416238}.Release|Any CPU.ActiveCfg = Release|Any CPU
		{C249A337-5EC5-470F-BA35-98F6B3416238}.Release|Any CPU.Build.0 = Release|Any CPU
		{80215C27-4619-44F0-A9C0-627EF6B64236}.Debug|Any CPU.ActiveCfg = Debug|Any CPU
		{80215C27-4619-44F0-A9C0-627EF6B64236}.Debug|Any CPU.Build.0 = Debug|Any CPU
		{80215C27-4619-44F0-A9C0-627EF6B64236}.Release|Any CPU.ActiveCfg = Release|Any CPU
		{80215C27-4619-44F0-A9C0-627EF6B64236}.Release|Any CPU.Build.0 = Release|Any CPU
		{374A7828-A61F-4997-A431-77154819C83A}.Debug|Any CPU.ActiveCfg = Debug|Any CPU
		{374A7828-A61F-4997-A431-77154819C83A}.Debug|Any CPU.Build.0 = Debug|Any CPU
		{374A7828-A61F-4997-A431-77154819C83A}.Release|Any CPU.ActiveCfg = Release|Any CPU
		{374A7828-A61F-4997-A431-77154819C83A}.Release|Any CPU.Build.0 = Release|Any CPU
	EndGlobalSection
	GlobalSection(SolutionProperties) = preSolution
		HideSolutionNode = FALSE
	EndGlobalSection
	GlobalSection(NestedProjects) = preSolution
		{2B02DFC1-7610-4E1A-8794-D49D61DAAB96} = {31F506C6-985D-4634-A89C-57FDE5BE0A8C}
		{CD278334-2B6B-4937-A834-3D81B333D74A} = {2B02DFC1-7610-4E1A-8794-D49D61DAAB96}
		{5C61506D-4E4A-4836-BD90-AADB8DB12A9C} = {C037D835-828E-4EDA-B447-287B9EF97848}
		{973111E0-4274-43F5-BEDD-56C90A6D677D} = {C037D835-828E-4EDA-B447-287B9EF97848}
		{ABA99ABD-8E53-44E6-A96D-8705F9A556C3} = {9808D695-DFDC-464F-BAB5-AB378B3A06D6}
		{5FA597B5-1942-4356-B180-1EB098DEA8C5} = {9808D695-DFDC-464F-BAB5-AB378B3A06D6}
		{375D6108-7EBD-4DEE-A1FA-90485B1B2EDF} = {9808D695-DFDC-464F-BAB5-AB378B3A06D6}
		{C249A337-5EC5-470F-BA35-98F6B3416238} = {375D6108-7EBD-4DEE-A1FA-90485B1B2EDF}
		{80215C27-4619-44F0-A9C0-627EF6B64236} = {375D6108-7EBD-4DEE-A1FA-90485B1B2EDF}
		{374A7828-A61F-4997-A431-77154819C83A} = {9C772B5D-1DAF-4713-B3E5-07AD5029551A}
	EndGlobalSection
	GlobalSection(ExtensibilityGlobals) = postSolution
		SolutionGuid = {9074C035-7A7F-4CC7-87D7-342785E2E20B}
	EndGlobalSection
EndGlobal
